{
  "name": "zyrab",
  "lockfileVersion": 3,
  "requires": true,
  "packages": {
    "": {
      "dependencies": {
        "@zyrab/domo": "github:zyrab/domo"
      }
    },
    "node_modules/@zyrab/domo": {
      "version": "1.0.1",
      "resolved": "git+ssh://git@github.com/zyrab/domo.git#f0306392ea3c909ce83ab9c81e5c9aef684308a5",
      "license": "MIT"
    }
  }
}
